
Microsoft Visual Studio Solution File, Format Version 12.00
# Visual Studio Version 17
VisualStudioVersion = 17.9.34723.18
MinimumVisualStudioVersion = 10.0.40219.1
Project("{FAE04EC0-301F-11D3-BF4B-00C04F79EFBC}") = "BupaMOTCheckerUI", "BupaMOTCheckerUI\BupaMOTCheckerUI.csproj", "{01E33D3F-5B3F-4609-A7A9-8A2AC32D788B}"
EndProject
Global
	GlobalSection(SolutionConfigurationPlatforms) = preSolution
		Debug|Any CPU = Debug|Any CPU
		Release|Any CPU = Release|Any CPU
	EndGlobalSection
	GlobalSection(ProjectConfigurationPlatforms) = postSolution
		{01E33D3F-5B3F-4609-A7A9-8A2AC32D788B}.Debug|Any CPU.ActiveCfg = Debug|Any CPU
		{01E33D3F-5B3F-4609-A7A9-8A2AC32D788B}.Debug|Any CPU.Build.0 = Debug|Any CPU
		{01E33D3F-5B3F-4609-A7A9-8A2AC32D788B}.Release|Any CPU.ActiveCfg = Release|Any CPU
		{01E33D3F-5B3F-4609-A7A9-8A2AC32D788B}.Release|Any CPU.Build.0 = Release|Any CPU
	EndGlobalSection
	GlobalSection(SolutionProperties) = preSolution
		HideSolutionNode = FALSE
	EndGlobalSection
	GlobalSection(ExtensibilityGlobals) = postSolution
		SolutionGuid = {88645239-266B-478B-B3DB-D877839EF032}
	EndGlobalSection
EndGlobal
