
Microsoft Visual Studio Solution File, Format Version 12.00
# Visual Studio Version 17
VisualStudioVersion = 17.9.34723.18
MinimumVisualStudioVersion = 10.0.40219.1
Project("{FAE04EC0-301F-11D3-BF4B-00C04F79EFBC}") = "MOTCheckInternalService", "MOTCheckInternalService\MOTCheckInternalService.csproj", "{46F13E74-A7BF-45E5-9CB0-65DBDFD2A1F9}"
EndProject
Global
	GlobalSection(SolutionConfigurationPlatforms) = preSolution
		Debug|Any CPU = Debug|Any CPU
		Release|Any CPU = Release|Any CPU
	EndGlobalSection
	GlobalSection(ProjectConfigurationPlatforms) = postSolution
		{46F13E74-A7BF-45E5-9CB0-65DBDFD2A1F9}.Debug|Any CPU.ActiveCfg = Debug|Any CPU
		{46F13E74-A7BF-45E5-9CB0-65DBDFD2A1F9}.Debug|Any CPU.Build.0 = Debug|Any CPU
		{46F13E74-A7BF-45E5-9CB0-65DBDFD2A1F9}.Release|Any CPU.ActiveCfg = Release|Any CPU
		{46F13E74-A7BF-45E5-9CB0-65DBDFD2A1F9}.Release|Any CPU.Build.0 = Release|Any CPU
	EndGlobalSection
	GlobalSection(SolutionProperties) = preSolution
		HideSolutionNode = FALSE
	EndGlobalSection
	GlobalSection(ExtensibilityGlobals) = postSolution
		SolutionGuid = {F14D7EB8-27A4-499F-996C-FBE7AD9F6A8E}
	EndGlobalSection
EndGlobal
